// !$*UTF8*$!
{
	archiveVersion = 1;
	classes = {
	};
	objectVersion = 46;
	objects = {

/* Begin PBXBuildFile section */
		FE6D7AE31B66250F00A79CC1 /* UINavigationController+StackControl.m in Sources */ = {isa = PBXBuildFile; fileRef = FE6D7AE21B66250F00A79CC1 /* UINavigationController+StackControl.m */; };
		FE6D7AE61B66352600A79CC1 /* UISplitViewController+QuickAccess.m in Sources */ = {isa = PBXBuildFile; fileRef = FE6D7AE51B66352600A79CC1 /* UISplitViewController+QuickAccess.m */; };
		FE6D7AF11B670B6600A79CC1 /* UIViewController+Tool.m in Sources */ = {isa = PBXBuildFile; fileRef = FE6D7AF01B670B6600A79CC1 /* UIViewController+Tool.m */; };
		FE6D7AF31B670B9F00A79CC1 /* UIKit.framework in Frameworks */ = {isa = PBXBuildFile; fileRef = FE6D7AF21B670B9F00A79CC1 /* UIKit.framework */; };
		FE6D7AF61B670D0D00A79CC1 /* CALayer+Animation.m in Sources */ = {isa = PBXBuildFile; fileRef = FE6D7AF51B670D0D00A79CC1 /* CALayer+Animation.m */; };
		FE6D7AF91B670DF800A79CC1 /* UIWindow+Hierarchy.m in Sources */ = {isa = PBXBuildFile; fileRef = FE6D7AF81B670DF800A79CC1 /* UIWindow+Hierarchy.m */; };
		FE6D7AFC1B670EEF00A79CC1 /* UIButton+Darg.m in Sources */ = {isa = PBXBuildFile; fileRef = FE6D7AFB1B670EEE00A79CC1 /* UIButton+Darg.m */; };
		FE6D7AFF1B670F4800A79CC1 /* UINavigationBar+Awesome.m in Sources */ = {isa = PBXBuildFile; fileRef = FE6D7AFE1B670F4800A79CC1 /* UINavigationBar+Awesome.m */; };
		FE6D7B021B670FBC00A79CC1 /* UIBarButtonItem+Block.m in Sources */ = {isa = PBXBuildFile; fileRef = FE6D7B011B670FBC00A79CC1 /* UIBarButtonItem+Block.m */; };
		FE6D7B051B67105000A79CC1 /* UITextView+PlaceHolde.m in Sources */ = {isa = PBXBuildFile; fileRef = FE6D7B041B67105000A79CC1 /* UITextView+PlaceHolde.m */; };
		FE6D7B081B6710C000A79CC1 /* UITextField+Block.m in Sources */ = {isa = PBXBuildFile; fileRef = FE6D7B071B6710C000A79CC1 /* UITextField+Block.m */; };
		FE6D7B0B1B67111800A79CC1 /* UISearchBar+Block.m in Sources */ = {isa = PBXBuildFile; fileRef = FE6D7B0A1B67111800A79CC1 /* UISearchBar+Block.m */; };
		FE6D7B0F1B6711E100A79CC1 /* UIWebView+JavasScript.m in Sources */ = {isa = PBXBuildFile; fileRef = FE6D7B0E1B6711E100A79CC1 /* UIWebView+JavasScript.m */; };
		FE6D7B121B6712F400A79CC1 /* UIWebView+Style.m in Sources */ = {isa = PBXBuildFile; fileRef = FE6D7B111B6712F400A79CC1 /* UIWebView+Style.m */; };
		FE6D7B151B6713BC00A79CC1 /* UIWebView+Modify.m in Sources */ = {isa = PBXBuildFile; fileRef = FE6D7B141B6713BC00A79CC1 /* UIWebView+Modify.m */; };
		FE6D7B181B67149700A79CC1 /* UIColor+JS.m in Sources */ = {isa = PBXBuildFile; fileRef = FE6D7B171B67149700A79CC1 /* UIColor+JS.m */; };
		FE6D7B211B6715C400A79CC1 /* UIWebView+Load.m in Sources */ = {isa = PBXBuildFile; fileRef = FE6D7B201B6715C400A79CC1 /* UIWebView+Load.m */; };
		FE6D7B241B67170500A79CC1 /* UINavigationItem+Lock.m in Sources */ = {isa = PBXBuildFile; fileRef = FE6D7B231B67170500A79CC1 /* UINavigationItem+Lock.m */; };
		FE6D7B271B671ADE00A79CC1 /* NSBundle+AppIcon.m in Sources */ = {isa = PBXBuildFile; fileRef = FE6D7B261B671ADE00A79CC1 /* NSBundle+AppIcon.m */; };
		FE6D7B2A1B671AEF00A79CC1 /* NSTimer+JS.m in Sources */ = {isa = PBXBuildFile; fileRef = FE6D7B291B671AEF00A79CC1 /* NSTimer+JS.m */; };
		FE6D7B2D1B671D6900A79CC1 /* NSData+Encryption.m in Sources */ = {isa = PBXBuildFile; fileRef = FE6D7B2C1B671D6900A79CC1 /* NSData+Encryption.m */; };
		FE6D7B301B671E2A00A79CC1 /* NSData+GZip.m in Sources */ = {isa = PBXBuildFile; fileRef = FE6D7B2F1B671E2A00A79CC1 /* NSData+GZip.m */; };
		FE6D7B331B671EB900A79CC1 /* NSData+Cache.m in Sources */ = {isa = PBXBuildFile; fileRef = FE6D7B321B671EB900A79CC1 /* NSData+Cache.m */; };
		FE6D7B361B67204100A79CC1 /* NSException+Debug.m in Sources */ = {isa = PBXBuildFile; fileRef = FE6D7B351B67204100A79CC1 /* NSException+Debug.m */; };
		FE6D7B391B67209800A79CC1 /* NSURL+Parameter.m in Sources */ = {isa = PBXBuildFile; fileRef = FE6D7B381B67209800A79CC1 /* NSURL+Parameter.m */; };
		FE6D7B3F1B6722C200A79CC1 /* NSIndexPath+Offset.m in Sources */ = {isa = PBXBuildFile; fileRef = FE6D7B3E1B6722C200A79CC1 /* NSIndexPath+Offset.m */; };
		FE6D7B421B6723CB00A79CC1 /* NSNumber+JS.m in Sources */ = {isa = PBXBuildFile; fileRef = FE6D7B411B6723CB00A79CC1 /* NSNumber+JS.m */; };
		FE6D7B481B67272700A79CC1 /* NSString+Emojize.m in Sources */ = {isa = PBXBuildFile; fileRef = FE6D7B451B67272700A79CC1 /* NSString+Emojize.m */; };
		FE6D7B491B67272700A79CC1 /* NSString+RemoveEmoji.m in Sources */ = {isa = PBXBuildFile; fileRef = FE6D7B471B67272700A79CC1 /* NSString+RemoveEmoji.m */; };
		FE6D7B4C1B6727C700A79CC1 /* NSObject+Property.m in Sources */ = {isa = PBXBuildFile; fileRef = FE6D7B4B1B6727C700A79CC1 /* NSObject+Property.m */; };
		FE6D7B531B6727D300A79CC1 /* NSObject+Additions.m in Sources */ = {isa = PBXBuildFile; fileRef = FE6D7B4E1B6727D300A79CC1 /* NSObject+Additions.m */; };
		FE6D7B541B6727D300A79CC1 /* NSObject+AutoCoding.m in Sources */ = {isa = PBXBuildFile; fileRef = FE6D7B501B6727D300A79CC1 /* NSObject+AutoCoding.m */; };
		FE6D7B551B6727D300A79CC1 /* NSObject+JS.m in Sources */ = {isa = PBXBuildFile; fileRef = FE6D7B521B6727D300A79CC1 /* NSObject+JS.m */; };
		FE6D7B581B67297A00A79CC1 /* NSArray+JS.m in Sources */ = {isa = PBXBuildFile; fileRef = FE6D7B571B67297A00A79CC1 /* NSArray+JS.m */; };
		FE6D7B5B1B67298400A79CC1 /* NSMutableArray+JS.m in Sources */ = {isa = PBXBuildFile; fileRef = FE6D7B5A1B67298400A79CC1 /* NSMutableArray+JS.m */; };
		FE6D7B5E1B67299000A79CC1 /* NSDictionary+JS.m in Sources */ = {isa = PBXBuildFile; fileRef = FE6D7B5D1B67299000A79CC1 /* NSDictionary+JS.m */; };
		FE6D7B611B67299C00A79CC1 /* NSMutableDictionary+JS.m in Sources */ = {isa = PBXBuildFile; fileRef = FE6D7B601B67299C00A79CC1 /* NSMutableDictionary+JS.m */; };
		FE6D7B641B6729A900A79CC1 /* NSSet+JS.m in Sources */ = {isa = PBXBuildFile; fileRef = FE6D7B631B6729A900A79CC1 /* NSSet+JS.m */; };
		FE6D7B661B6729FB00A79CC1 /* CoreGraphics.framework in Frameworks */ = {isa = PBXBuildFile; fileRef = FE6D7B651B6729FB00A79CC1 /* CoreGraphics.framework */; };
		FE6D7B691B672B3400A79CC1 /* libz.dylib in Frameworks */ = {isa = PBXBuildFile; fileRef = FE6D7B681B672B3400A79CC1 /* libz.dylib */; };
		FE6D7B6C1B672C8C00A79CC1 /* UIScrollView+JS.m in Sources */ = {isa = PBXBuildFile; fileRef = FE6D7B6B1B672C8C00A79CC1 /* UIScrollView+JS.m */; };
		FE6D7B6F1B672CA200A79CC1 /* UITextField+JS.m in Sources */ = {isa = PBXBuildFile; fileRef = FE6D7B6E1B672CA200A79CC1 /* UITextField+JS.m */; };
		FE6D7B721B672CCD00A79CC1 /* UIFont+JS.m in Sources */ = {isa = PBXBuildFile; fileRef = FE6D7B711B672CCD00A79CC1 /* UIFont+JS.m */; };
		FE6D7B751B672CE300A79CC1 /* UIControl+JS.m in Sources */ = {isa = PBXBuildFile; fileRef = FE6D7B741B672CE300A79CC1 /* UIControl+JS.m */; };
		FE6D7B781B672CFB00A79CC1 /* UIApplication+JS.m in Sources */ = {isa = PBXBuildFile; fileRef = FE6D7B771B672CFB00A79CC1 /* UIApplication+JS.m */; };
		FE6D7B7B1B672D0A00A79CC1 /* UIScreen+JS.m in Sources */ = {isa = PBXBuildFile; fileRef = FE6D7B7A1B672D0A00A79CC1 /* UIScreen+JS.m */; };
		FE6D7B7E1B672D1C00A79CC1 /* UIResponder+JS.m in Sources */ = {isa = PBXBuildFile; fileRef = FE6D7B7D1B672D1C00A79CC1 /* UIResponder+JS.m */; };
		FE6D7B811B672D6800A79CC1 /* UIBezierPath+JS.m in Sources */ = {isa = PBXBuildFile; fileRef = FE6D7B801B672D6800A79CC1 /* UIBezierPath+JS.m */; };
		FE988C041B5E359100E71C89 /* main.m in Sources */ = {isa = PBXBuildFile; fileRef = FE988C031B5E359100E71C89 /* main.m */; };
		FE988C071B5E359100E71C89 /* AppDelegate.m in Sources */ = {isa = PBXBuildFile; fileRef = FE988C061B5E359100E71C89 /* AppDelegate.m */; };
		FE988C0A1B5E359100E71C89 /* ViewController.m in Sources */ = {isa = PBXBuildFile; fileRef = FE988C091B5E359100E71C89 /* ViewController.m */; };
		FE988C0D1B5E359100E71C89 /* Main.storyboard in Resources */ = {isa = PBXBuildFile; fileRef = FE988C0B1B5E359100E71C89 /* Main.storyboard */; };
		FE988C0F1B5E359100E71C89 /* Images.xcassets in Resources */ = {isa = PBXBuildFile; fileRef = FE988C0E1B5E359100E71C89 /* Images.xcassets */; };
		FE988C121B5E359100E71C89 /* LaunchScreen.xib in Resources */ = {isa = PBXBuildFile; fileRef = FE988C101B5E359100E71C89 /* LaunchScreen.xib */; };
		FE988C1E1B5E359200E71C89 /* CategoryCollectionTests.m in Sources */ = {isa = PBXBuildFile; fileRef = FE988C1D1B5E359200E71C89 /* CategoryCollectionTests.m */; };
		FEB912A11B60EA450055619F /* UINavigationController+Transitions.m in Sources */ = {isa = PBXBuildFile; fileRef = FEB912A01B60EA450055619F /* UINavigationController+Transitions.m */; };
/* End PBXBuildFile section */

/* Begin PBXContainerItemProxy section */
		FE988C181B5E359200E71C89 /* PBXContainerItemProxy */ = {
			isa = PBXContainerItemProxy;
			containerPortal = FE988BF61B5E359100E71C89 /* Project object */;
			proxyType = 1;
			remoteGlobalIDString = FE988BFD1B5E359100E71C89;
			remoteInfo = CategoryCollection;
		};
/* End PBXContainerItemProxy section */

/* Begin PBXFileReference section */
		FE6D7AE11B66250F00A79CC1 /* UINavigationController+StackControl.h */ = {isa = PBXFileReference; fileEncoding = 4; lastKnownFileType = sourcecode.c.h; path = "UINavigationController+StackControl.h"; sourceTree = "<group>"; };
		FE6D7AE21B66250F00A79CC1 /* UINavigationController+StackControl.m */ = {isa = PBXFileReference; fileEncoding = 4; lastKnownFileType = sourcecode.c.objc; path = "UINavigationController+StackControl.m"; sourceTree = "<group>"; };
		FE6D7AE41B66352600A79CC1 /* UISplitViewController+QuickAccess.h */ = {isa = PBXFileReference; fileEncoding = 4; lastKnownFileType = sourcecode.c.h; path = "UISplitViewController+QuickAccess.h"; sourceTree = "<group>"; };
		FE6D7AE51B66352600A79CC1 /* UISplitViewController+QuickAccess.m */ = {isa = PBXFileReference; fileEncoding = 4; lastKnownFileType = sourcecode.c.objc; path = "UISplitViewController+QuickAccess.m"; sourceTree = "<group>"; };
		FE6D7AEF1B670B6600A79CC1 /* UIViewController+Tool.h */ = {isa = PBXFileReference; fileEncoding = 4; lastKnownFileType = sourcecode.c.h; path = "UIViewController+Tool.h"; sourceTree = "<group>"; };
		FE6D7AF01B670B6600A79CC1 /* UIViewController+Tool.m */ = {isa = PBXFileReference; fileEncoding = 4; lastKnownFileType = sourcecode.c.objc; path = "UIViewController+Tool.m"; sourceTree = "<group>"; };
		FE6D7AF21B670B9F00A79CC1 /* UIKit.framework */ = {isa = PBXFileReference; lastKnownFileType = wrapper.framework; name = UIKit.framework; path = System/Library/Frameworks/UIKit.framework; sourceTree = SDKROOT; };
		FE6D7AF41B670D0D00A79CC1 /* CALayer+Animation.h */ = {isa = PBXFileReference; fileEncoding = 4; lastKnownFileType = sourcecode.c.h; path = "CALayer+Animation.h"; sourceTree = "<group>"; };
		FE6D7AF51B670D0D00A79CC1 /* CALayer+Animation.m */ = {isa = PBXFileReference; fileEncoding = 4; lastKnownFileType = sourcecode.c.objc; path = "CALayer+Animation.m"; sourceTree = "<group>"; };
		FE6D7AF71B670DF800A79CC1 /* UIWindow+Hierarchy.h */ = {isa = PBXFileReference; fileEncoding = 4; lastKnownFileType = sourcecode.c.h; path = "UIWindow+Hierarchy.h"; sourceTree = "<group>"; };
		FE6D7AF81B670DF800A79CC1 /* UIWindow+Hierarchy.m */ = {isa = PBXFileReference; fileEncoding = 4; lastKnownFileType = sourcecode.c.objc; path = "UIWindow+Hierarchy.m"; sourceTree = "<group>"; };
		FE6D7AFA1B670EEE00A79CC1 /* UIButton+Darg.h */ = {isa = PBXFileReference; fileEncoding = 4; lastKnownFileType = sourcecode.c.h; path = "UIButton+Darg.h"; sourceTree = "<group>"; };
		FE6D7AFB1B670EEE00A79CC1 /* UIButton+Darg.m */ = {isa = PBXFileReference; fileEncoding = 4; lastKnownFileType = sourcecode.c.objc; path = "UIButton+Darg.m"; sourceTree = "<group>"; };
		FE6D7AFD1B670F4800A79CC1 /* UINavigationBar+Awesome.h */ = {isa = PBXFileReference; fileEncoding = 4; lastKnownFileType = sourcecode.c.h; path = "UINavigationBar+Awesome.h"; sourceTree = "<group>"; };
		FE6D7AFE1B670F4800A79CC1 /* UINavigationBar+Awesome.m */ = {isa = PBXFileReference; fileEncoding = 4; lastKnownFileType = sourcecode.c.objc; path = "UINavigationBar+Awesome.m"; sourceTree = "<group>"; };
		FE6D7B001B670FBC00A79CC1 /* UIBarButtonItem+Block.h */ = {isa = PBXFileReference; fileEncoding = 4; lastKnownFileType = sourcecode.c.h; path = "UIBarButtonItem+Block.h"; sourceTree = "<group>"; };
		FE6D7B011B670FBC00A79CC1 /* UIBarButtonItem+Block.m */ = {isa = PBXFileReference; fileEncoding = 4; lastKnownFileType = sourcecode.c.objc; path = "UIBarButtonItem+Block.m"; sourceTree = "<group>"; };
		FE6D7B031B67105000A79CC1 /* UITextView+PlaceHolder.h */ = {isa = PBXFileReference; fileEncoding = 4; lastKnownFileType = sourcecode.c.h; path = "UITextView+PlaceHolder.h"; sourceTree = "<group>"; };
		FE6D7B041B67105000A79CC1 /* UITextView+PlaceHolde.m */ = {isa = PBXFileReference; fileEncoding = 4; lastKnownFileType = sourcecode.c.objc; path = "UITextView+PlaceHolde.m"; sourceTree = "<group>"; };
		FE6D7B061B6710C000A79CC1 /* UITextField+Block.h */ = {isa = PBXFileReference; fileEncoding = 4; lastKnownFileType = sourcecode.c.h; path = "UITextField+Block.h"; sourceTree = "<group>"; };
		FE6D7B071B6710C000A79CC1 /* UITextField+Block.m */ = {isa = PBXFileReference; fileEncoding = 4; lastKnownFileType = sourcecode.c.objc; path = "UITextField+Block.m"; sourceTree = "<group>"; };
		FE6D7B091B67111800A79CC1 /* UISearchBar+Block.h */ = {isa = PBXFileReference; fileEncoding = 4; lastKnownFileType = sourcecode.c.h; path = "UISearchBar+Block.h"; sourceTree = "<group>"; };
		FE6D7B0A1B67111800A79CC1 /* UISearchBar+Block.m */ = {isa = PBXFileReference; fileEncoding = 4; lastKnownFileType = sourcecode.c.objc; path = "UISearchBar+Block.m"; sourceTree = "<group>"; };
		FE6D7B0D1B6711E100A79CC1 /* UIWebView+JavasScript.h */ = {isa = PBXFileReference; fileEncoding = 4; lastKnownFileType = sourcecode.c.h; path = "UIWebView+JavasScript.h"; sourceTree = "<group>"; };
		FE6D7B0E1B6711E100A79CC1 /* UIWebView+JavasScript.m */ = {isa = PBXFileReference; fileEncoding = 4; lastKnownFileType = sourcecode.c.objc; path = "UIWebView+JavasScript.m"; sourceTree = "<group>"; };
		FE6D7B101B6712F400A79CC1 /* UIWebView+Style.h */ = {isa = PBXFileReference; fileEncoding = 4; lastKnownFileType = sourcecode.c.h; path = "UIWebView+Style.h"; sourceTree = "<group>"; };
		FE6D7B111B6712F400A79CC1 /* UIWebView+Style.m */ = {isa = PBXFileReference; fileEncoding = 4; lastKnownFileType = sourcecode.c.objc; path = "UIWebView+Style.m"; sourceTree = "<group>"; };
		FE6D7B131B6713BC00A79CC1 /* UIWebView+Modify.h */ = {isa = PBXFileReference; fileEncoding = 4; lastKnownFileType = sourcecode.c.h; path = "UIWebView+Modify.h"; sourceTree = "<group>"; };
		FE6D7B141B6713BC00A79CC1 /* UIWebView+Modify.m */ = {isa = PBXFileReference; fileEncoding = 4; lastKnownFileType = sourcecode.c.objc; path = "UIWebView+Modify.m"; sourceTree = "<group>"; };
		FE6D7B161B67149700A79CC1 /* UIColor+JS.h */ = {isa = PBXFileReference; fileEncoding = 4; lastKnownFileType = sourcecode.c.h; path = "UIColor+JS.h"; sourceTree = "<group>"; };
		FE6D7B171B67149700A79CC1 /* UIColor+JS.m */ = {isa = PBXFileReference; fileEncoding = 4; lastKnownFileType = sourcecode.c.objc; path = "UIColor+JS.m"; sourceTree = "<group>"; };
		FE6D7B1F1B6715C400A79CC1 /* UIWebView+Load.h */ = {isa = PBXFileReference; fileEncoding = 4; lastKnownFileType = sourcecode.c.h; path = "UIWebView+Load.h"; sourceTree = "<group>"; };
		FE6D7B201B6715C400A79CC1 /* UIWebView+Load.m */ = {isa = PBXFileReference; fileEncoding = 4; lastKnownFileType = sourcecode.c.objc; path = "UIWebView+Load.m"; sourceTree = "<group>"; };
		FE6D7B221B67170500A79CC1 /* UINavigationItem+Lock.h */ = {isa = PBXFileReference; fileEncoding = 4; lastKnownFileType = sourcecode.c.h; path = "UINavigationItem+Lock.h"; sourceTree = "<group>"; };
		FE6D7B231B67170500A79CC1 /* UINavigationItem+Lock.m */ = {isa = PBXFileReference; fileEncoding = 4; lastKnownFileType = sourcecode.c.objc; path = "UINavigationItem+Lock.m"; sourceTree = "<group>"; };
		FE6D7B251B671ADE00A79CC1 /* NSBundle+AppIcon.h */ = {isa = PBXFileReference; fileEncoding = 4; lastKnownFileType = sourcecode.c.h; path = "NSBundle+AppIcon.h"; sourceTree = "<group>"; };
		FE6D7B261B671ADE00A79CC1 /* NSBundle+AppIcon.m */ = {isa = PBXFileReference; fileEncoding = 4; lastKnownFileType = sourcecode.c.objc; path = "NSBundle+AppIcon.m"; sourceTree = "<group>"; };
		FE6D7B281B671AEF00A79CC1 /* NSTimer+JS.h */ = {isa = PBXFileReference; fileEncoding = 4; lastKnownFileType = sourcecode.c.h; path = "NSTimer+JS.h"; sourceTree = "<group>"; };
		FE6D7B291B671AEF00A79CC1 /* NSTimer+JS.m */ = {isa = PBXFileReference; fileEncoding = 4; lastKnownFileType = sourcecode.c.objc; path = "NSTimer+JS.m"; sourceTree = "<group>"; };
		FE6D7B2B1B671D6900A79CC1 /* NSData+Encryption.h */ = {isa = PBXFileReference; fileEncoding = 4; lastKnownFileType = sourcecode.c.h; path = "NSData+Encryption.h"; sourceTree = "<group>"; };
		FE6D7B2C1B671D6900A79CC1 /* NSData+Encryption.m */ = {isa = PBXFileReference; fileEncoding = 4; lastKnownFileType = sourcecode.c.objc; path = "NSData+Encryption.m"; sourceTree = "<group>"; };
		FE6D7B2E1B671E2A00A79CC1 /* NSData+GZip.h */ = {isa = PBXFileReference; fileEncoding = 4; lastKnownFileType = sourcecode.c.h; path = "NSData+GZip.h"; sourceTree = "<group>"; };
		FE6D7B2F1B671E2A00A79CC1 /* NSData+GZip.m */ = {isa = PBXFileReference; fileEncoding = 4; lastKnownFileType = sourcecode.c.objc; path = "NSData+GZip.m"; sourceTree = "<group>"; };
		FE6D7B311B671EB900A79CC1 /* NSData+Cache.h */ = {isa = PBXFileReference; fileEncoding = 4; lastKnownFileType = sourcecode.c.h; path = "NSData+Cache.h"; sourceTree = "<group>"; };
		FE6D7B321B671EB900A79CC1 /* NSData+Cache.m */ = {isa = PBXFileReference; fileEncoding = 4; lastKnownFileType = sourcecode.c.objc; path = "NSData+Cache.m"; sourceTree = "<group>"; };
		FE6D7B341B67204100A79CC1 /* NSException+Debug.h */ = {isa = PBXFileReference; fileEncoding = 4; lastKnownFileType = sourcecode.c.h; path = "NSException+Debug.h"; sourceTree = "<group>"; };
		FE6D7B351B67204100A79CC1 /* NSException+Debug.m */ = {isa = PBXFileReference; fileEncoding = 4; lastKnownFileType = sourcecode.c.objc; path = "NSException+Debug.m"; sourceTree = "<group>"; };
		FE6D7B371B67209800A79CC1 /* NSURL+Parameter.h */ = {isa = PBXFileReference; fileEncoding = 4; lastKnownFileType = sourcecode.c.h; path = "NSURL+Parameter.h"; sourceTree = "<group>"; };
		FE6D7B381B67209800A79CC1 /* NSURL+Parameter.m */ = {isa = PBXFileReference; fileEncoding = 4; lastKnownFileType = sourcecode.c.objc; path = "NSURL+Parameter.m"; sourceTree = "<group>"; };
		FE6D7B3D1B6722C200A79CC1 /* NSIndexPath+Offset.h */ = {isa = PBXFileReference; fileEncoding = 4; lastKnownFileType = sourcecode.c.h; path = "NSIndexPath+Offset.h"; sourceTree = "<group>"; };
		FE6D7B3E1B6722C200A79CC1 /* NSIndexPath+Offset.m */ = {isa = PBXFileReference; fileEncoding = 4; lastKnownFileType = sourcecode.c.objc; path = "NSIndexPath+Offset.m"; sourceTree = "<group>"; };
		FE6D7B401B6723CB00A79CC1 /* NSNumber+JS.h */ = {isa = PBXFileReference; fileEncoding = 4; lastKnownFileType = sourcecode.c.h; path = "NSNumber+JS.h"; sourceTree = "<group>"; };
		FE6D7B411B6723CB00A79CC1 /* NSNumber+JS.m */ = {isa = PBXFileReference; fileEncoding = 4; lastKnownFileType = sourcecode.c.objc; path = "NSNumber+JS.m"; sourceTree = "<group>"; };
		FE6D7B431B67271400A79CC1 /* emojis.h */ = {isa = PBXFileReference; fileEncoding = 4; lastKnownFileType = sourcecode.c.h; path = emojis.h; sourceTree = "<group>"; };
		FE6D7B441B67272700A79CC1 /* NSString+Emojize.h */ = {isa = PBXFileReference; fileEncoding = 4; lastKnownFileType = sourcecode.c.h; path = "NSString+Emojize.h"; sourceTree = "<group>"; };
		FE6D7B451B67272700A79CC1 /* NSString+Emojize.m */ = {isa = PBXFileReference; fileEncoding = 4; lastKnownFileType = sourcecode.c.objc; path = "NSString+Emojize.m"; sourceTree = "<group>"; };
		FE6D7B461B67272700A79CC1 /* NSString+RemoveEmoji.h */ = {isa = PBXFileReference; fileEncoding = 4; lastKnownFileType = sourcecode.c.h; path = "NSString+RemoveEmoji.h"; sourceTree = "<group>"; };
		FE6D7B471B67272700A79CC1 /* NSString+RemoveEmoji.m */ = {isa = PBXFileReference; fileEncoding = 4; lastKnownFileType = sourcecode.c.objc; path = "NSString+RemoveEmoji.m"; sourceTree = "<group>"; };
		FE6D7B4A1B6727C700A79CC1 /* NSObject+Property.h */ = {isa = PBXFileReference; fileEncoding = 4; lastKnownFileType = sourcecode.c.h; path = "NSObject+Property.h"; sourceTree = "<group>"; };
		FE6D7B4B1B6727C700A79CC1 /* NSObject+Property.m */ = {isa = PBXFileReference; fileEncoding = 4; lastKnownFileType = sourcecode.c.objc; path = "NSObject+Property.m"; sourceTree = "<group>"; };
		FE6D7B4D1B6727D300A79CC1 /* NSObject+Additions.h */ = {isa = PBXFileReference; fileEncoding = 4; lastKnownFileType = sourcecode.c.h; path = "NSObject+Additions.h"; sourceTree = "<group>"; };
		FE6D7B4E1B6727D300A79CC1 /* NSObject+Additions.m */ = {isa = PBXFileReference; fileEncoding = 4; lastKnownFileType = sourcecode.c.objc; path = "NSObject+Additions.m"; sourceTree = "<group>"; };
		FE6D7B4F1B6727D300A79CC1 /* NSObject+AutoCoding.h */ = {isa = PBXFileReference; fileEncoding = 4; lastKnownFileType = sourcecode.c.h; path = "NSObject+AutoCoding.h"; sourceTree = "<group>"; };
		FE6D7B501B6727D300A79CC1 /* NSObject+AutoCoding.m */ = {isa = PBXFileReference; fileEncoding = 4; lastKnownFileType = sourcecode.c.objc; path = "NSObject+AutoCoding.m"; sourceTree = "<group>"; };
		FE6D7B511B6727D300A79CC1 /* NSObject+JS.h */ = {isa = PBXFileReference; fileEncoding = 4; lastKnownFileType = sourcecode.c.h; path = "NSObject+JS.h"; sourceTree = "<group>"; };
		FE6D7B521B6727D300A79CC1 /* NSObject+JS.m */ = {isa = PBXFileReference; fileEncoding = 4; lastKnownFileType = sourcecode.c.objc; path = "NSObject+JS.m"; sourceTree = "<group>"; };
		FE6D7B561B67297A00A79CC1 /* NSArray+JS.h */ = {isa = PBXFileReference; fileEncoding = 4; lastKnownFileType = sourcecode.c.h; path = "NSArray+JS.h"; sourceTree = "<group>"; };
		FE6D7B571B67297A00A79CC1 /* NSArray+JS.m */ = {isa = PBXFileReference; fileEncoding = 4; lastKnownFileType = sourcecode.c.objc; path = "NSArray+JS.m"; sourceTree = "<group>"; };
		FE6D7B591B67298400A79CC1 /* NSMutableArray+JS.h */ = {isa = PBXFileReference; fileEncoding = 4; lastKnownFileType = sourcecode.c.h; path = "NSMutableArray+JS.h"; sourceTree = "<group>"; };
		FE6D7B5A1B67298400A79CC1 /* NSMutableArray+JS.m */ = {isa = PBXFileReference; fileEncoding = 4; lastKnownFileType = sourcecode.c.objc; path = "NSMutableArray+JS.m"; sourceTree = "<group>"; };
		FE6D7B5C1B67299000A79CC1 /* NSDictionary+JS.h */ = {isa = PBXFileReference; fileEncoding = 4; lastKnownFileType = sourcecode.c.h; path = "NSDictionary+JS.h"; sourceTree = "<group>"; };
		FE6D7B5D1B67299000A79CC1 /* NSDictionary+JS.m */ = {isa = PBXFileReference; fileEncoding = 4; lastKnownFileType = sourcecode.c.objc; path = "NSDictionary+JS.m"; sourceTree = "<group>"; };
		FE6D7B5F1B67299C00A79CC1 /* NSMutableDictionary+JS.h */ = {isa = PBXFileReference; fileEncoding = 4; lastKnownFileType = sourcecode.c.h; path = "NSMutableDictionary+JS.h"; sourceTree = "<group>"; };
		FE6D7B601B67299C00A79CC1 /* NSMutableDictionary+JS.m */ = {isa = PBXFileReference; fileEncoding = 4; lastKnownFileType = sourcecode.c.objc; path = "NSMutableDictionary+JS.m"; sourceTree = "<group>"; };
		FE6D7B621B6729A900A79CC1 /* NSSet+JS.h */ = {isa = PBXFileReference; fileEncoding = 4; lastKnownFileType = sourcecode.c.h; path = "NSSet+JS.h"; sourceTree = "<group>"; };
		FE6D7B631B6729A900A79CC1 /* NSSet+JS.m */ = {isa = PBXFileReference; fileEncoding = 4; lastKnownFileType = sourcecode.c.objc; path = "NSSet+JS.m"; sourceTree = "<group>"; };
		FE6D7B651B6729FB00A79CC1 /* CoreGraphics.framework */ = {isa = PBXFileReference; lastKnownFileType = wrapper.framework; name = CoreGraphics.framework; path = System/Library/Frameworks/CoreGraphics.framework; sourceTree = SDKROOT; };
		FE6D7B681B672B3400A79CC1 /* libz.dylib */ = {isa = PBXFileReference; lastKnownFileType = "compiled.mach-o.dylib"; name = libz.dylib; path = usr/lib/libz.dylib; sourceTree = SDKROOT; };
		FE6D7B6A1B672C8C00A79CC1 /* UIScrollView+JS.h */ = {isa = PBXFileReference; fileEncoding = 4; lastKnownFileType = sourcecode.c.h; path = "UIScrollView+JS.h"; sourceTree = "<group>"; };
		FE6D7B6B1B672C8C00A79CC1 /* UIScrollView+JS.m */ = {isa = PBXFileReference; fileEncoding = 4; lastKnownFileType = sourcecode.c.objc; path = "UIScrollView+JS.m"; sourceTree = "<group>"; };
		FE6D7B6D1B672CA200A79CC1 /* UITextField+JS.h */ = {isa = PBXFileReference; fileEncoding = 4; lastKnownFileType = sourcecode.c.h; path = "UITextField+JS.h"; sourceTree = "<group>"; };
		FE6D7B6E1B672CA200A79CC1 /* UITextField+JS.m */ = {isa = PBXFileReference; fileEncoding = 4; lastKnownFileType = sourcecode.c.objc; path = "UITextField+JS.m"; sourceTree = "<group>"; };
		FE6D7B701B672CCD00A79CC1 /* UIFont+JS.h */ = {isa = PBXFileReference; fileEncoding = 4; lastKnownFileType = sourcecode.c.h; path = "UIFont+JS.h"; sourceTree = "<group>"; };
		FE6D7B711B672CCD00A79CC1 /* UIFont+JS.m */ = {isa = PBXFileReference; fileEncoding = 4; lastKnownFileType = sourcecode.c.objc; path = "UIFont+JS.m"; sourceTree = "<group>"; };
		FE6D7B731B672CE300A79CC1 /* UIControl+JS.h */ = {isa = PBXFileReference; fileEncoding = 4; lastKnownFileType = sourcecode.c.h; path = "UIControl+JS.h"; sourceTree = "<group>"; };
		FE6D7B741B672CE300A79CC1 /* UIControl+JS.m */ = {isa = PBXFileReference; fileEncoding = 4; lastKnownFileType = sourcecode.c.objc; path = "UIControl+JS.m"; sourceTree = "<group>"; };
		FE6D7B761B672CFB00A79CC1 /* UIApplication+JS.h */ = {isa = PBXFileReference; fileEncoding = 4; lastKnownFileType = sourcecode.c.h; path = "UIApplication+JS.h"; sourceTree = "<group>"; };
		FE6D7B771B672CFB00A79CC1 /* UIApplication+JS.m */ = {isa = PBXFileReference; fileEncoding = 4; lastKnownFileType = sourcecode.c.objc; path = "UIApplication+JS.m"; sourceTree = "<group>"; };
		FE6D7B791B672D0A00A79CC1 /* UIScreen+JS.h */ = {isa = PBXFileReference; fileEncoding = 4; lastKnownFileType = sourcecode.c.h; path = "UIScreen+JS.h"; sourceTree = "<group>"; };
		FE6D7B7A1B672D0A00A79CC1 /* UIScreen+JS.m */ = {isa = PBXFileReference; fileEncoding = 4; lastKnownFileType = sourcecode.c.objc; path = "UIScreen+JS.m"; sourceTree = "<group>"; };
		FE6D7B7C1B672D1C00A79CC1 /* UIResponder+JS.h */ = {isa = PBXFileReference; fileEncoding = 4; lastKnownFileType = sourcecode.c.h; path = "UIResponder+JS.h"; sourceTree = "<group>"; };
		FE6D7B7D1B672D1C00A79CC1 /* UIResponder+JS.m */ = {isa = PBXFileReference; fileEncoding = 4; lastKnownFileType = sourcecode.c.objc; path = "UIResponder+JS.m"; sourceTree = "<group>"; };
		FE6D7B7F1B672D6800A79CC1 /* UIBezierPath+JS.h */ = {isa = PBXFileReference; fileEncoding = 4; lastKnownFileType = sourcecode.c.h; path = "UIBezierPath+JS.h"; sourceTree = "<group>"; };
		FE6D7B801B672D6800A79CC1 /* UIBezierPath+JS.m */ = {isa = PBXFileReference; fileEncoding = 4; lastKnownFileType = sourcecode.c.objc; path = "UIBezierPath+JS.m"; sourceTree = "<group>"; };
		FE988BFE1B5E359100E71C89 /* CategoryCollection.app */ = {isa = PBXFileReference; explicitFileType = wrapper.application; includeInIndex = 0; path = CategoryCollection.app; sourceTree = BUILT_PRODUCTS_DIR; };
		FE988C021B5E359100E71C89 /* Info.plist */ = {isa = PBXFileReference; lastKnownFileType = text.plist.xml; path = Info.plist; sourceTree = "<group>"; };
		FE988C031B5E359100E71C89 /* main.m */ = {isa = PBXFileReference; lastKnownFileType = sourcecode.c.objc; path = main.m; sourceTree = "<group>"; };
		FE988C051B5E359100E71C89 /* AppDelegate.h */ = {isa = PBXFileReference; lastKnownFileType = sourcecode.c.h; path = AppDelegate.h; sourceTree = "<group>"; };
		FE988C061B5E359100E71C89 /* AppDelegate.m */ = {isa = PBXFileReference; lastKnownFileType = sourcecode.c.objc; path = AppDelegate.m; sourceTree = "<group>"; };
		FE988C081B5E359100E71C89 /* ViewController.h */ = {isa = PBXFileReference; lastKnownFileType = sourcecode.c.h; path = ViewController.h; sourceTree = "<group>"; };
		FE988C091B5E359100E71C89 /* ViewController.m */ = {isa = PBXFileReference; lastKnownFileType = sourcecode.c.objc; path = ViewController.m; sourceTree = "<group>"; };
		FE988C0C1B5E359100E71C89 /* Base */ = {isa = PBXFileReference; lastKnownFileType = file.storyboard; name = Base; path = Base.lproj/Main.storyboard; sourceTree = "<group>"; };
		FE988C0E1B5E359100E71C89 /* Images.xcassets */ = {isa = PBXFileReference; lastKnownFileType = folder.assetcatalog; path = Images.xcassets; sourceTree = "<group>"; };
		FE988C111B5E359100E71C89 /* Base */ = {isa = PBXFileReference; lastKnownFileType = file.xib; name = Base; path = Base.lproj/LaunchScreen.xib; sourceTree = "<group>"; };
		FE988C171B5E359200E71C89 /* CategoryCollectionTests.xctest */ = {isa = PBXFileReference; explicitFileType = wrapper.cfbundle; includeInIndex = 0; path = CategoryCollectionTests.xctest; sourceTree = BUILT_PRODUCTS_DIR; };
		FE988C1C1B5E359200E71C89 /* Info.plist */ = {isa = PBXFileReference; lastKnownFileType = text.plist.xml; path = Info.plist; sourceTree = "<group>"; };
		FE988C1D1B5E359200E71C89 /* CategoryCollectionTests.m */ = {isa = PBXFileReference; lastKnownFileType = sourcecode.c.objc; path = CategoryCollectionTests.m; sourceTree = "<group>"; };
		FEB9129F1B60EA450055619F /* UINavigationController+Transitions.h */ = {isa = PBXFileReference; fileEncoding = 4; lastKnownFileType = sourcecode.c.h; path = "UINavigationController+Transitions.h"; sourceTree = "<group>"; };
		FEB912A01B60EA450055619F /* UINavigationController+Transitions.m */ = {isa = PBXFileReference; fileEncoding = 4; lastKnownFileType = sourcecode.c.objc; path = "UINavigationController+Transitions.m"; sourceTree = "<group>"; };
/* End PBXFileReference section */

/* Begin PBXFrameworksBuildPhase section */
		FE988BFB1B5E359100E71C89 /* Frameworks */ = {
			isa = PBXFrameworksBuildPhase;
			buildActionMask = 2147483647;
			files = (
				FE6D7B691B672B3400A79CC1 /* libz.dylib in Frameworks */,
				FE6D7B661B6729FB00A79CC1 /* CoreGraphics.framework in Frameworks */,
				FE6D7AF31B670B9F00A79CC1 /* UIKit.framework in Frameworks */,
			);
			runOnlyForDeploymentPostprocessing = 0;
		};
		FE988C141B5E359200E71C89 /* Frameworks */ = {
			isa = PBXFrameworksBuildPhase;
			buildActionMask = 2147483647;
			files = (
			);
			runOnlyForDeploymentPostprocessing = 0;
		};
/* End PBXFrameworksBuildPhase section */

/* Begin PBXGroup section */
		FE6D7B0C1B67118500A79CC1 /* UIWebView */ = {
			isa = PBXGroup;
			children = (
				FE6D7B0D1B6711E100A79CC1 /* UIWebView+JavasScript.h */,
				FE6D7B0E1B6711E100A79CC1 /* UIWebView+JavasScript.m */,
				FE6D7B101B6712F400A79CC1 /* UIWebView+Style.h */,
				FE6D7B111B6712F400A79CC1 /* UIWebView+Style.m */,
				FE6D7B131B6713BC00A79CC1 /* UIWebView+Modify.h */,
				FE6D7B141B6713BC00A79CC1 /* UIWebView+Modify.m */,
				FE6D7B1F1B6715C400A79CC1 /* UIWebView+Load.h */,
				FE6D7B201B6715C400A79CC1 /* UIWebView+Load.m */,
			);
			name = UIWebView;
			sourceTree = "<group>";
		};
		FE6D7B671B672A0900A79CC1 /* lib */ = {
			isa = PBXGroup;
			children = (
				FE6D7B681B672B3400A79CC1 /* libz.dylib */,
				FE6D7B651B6729FB00A79CC1 /* CoreGraphics.framework */,
				FE6D7AF21B670B9F00A79CC1 /* UIKit.framework */,
			);
			name = lib;
			sourceTree = "<group>";
		};
		FE988BF51B5E359100E71C89 = {
			isa = PBXGroup;
			children = (
				FE6D7B671B672A0900A79CC1 /* lib */,
				FE988C001B5E359100E71C89 /* CategoryCollection */,
				FE988C1A1B5E359200E71C89 /* CategoryCollectionTests */,
				FE988BFF1B5E359100E71C89 /* Products */,
			);
			sourceTree = "<group>";
		};
		FE988BFF1B5E359100E71C89 /* Products */ = {
			isa = PBXGroup;
			children = (
				FE988BFE1B5E359100E71C89 /* CategoryCollection.app */,
				FE988C171B5E359200E71C89 /* CategoryCollectionTests.xctest */,
			);
			name = Products;
			sourceTree = "<group>";
		};
		FE988C001B5E359100E71C89 /* CategoryCollection */ = {
			isa = PBXGroup;
			children = (
				FEB9129C1B60E91B0055619F /* Foundation */,
				FEB912981B60E9150055619F /* UIKit */,
				FEB912971B60E9100055619F /* NSString */,
				FEB912961B60E9080055619F /* NSObject */,
				FE988C051B5E359100E71C89 /* AppDelegate.h */,
				FE988C061B5E359100E71C89 /* AppDelegate.m */,
				FE988C081B5E359100E71C89 /* ViewController.h */,
				FE988C091B5E359100E71C89 /* ViewController.m */,
				FE988C0B1B5E359100E71C89 /* Main.storyboard */,
				FE988C0E1B5E359100E71C89 /* Images.xcassets */,
				FE988C101B5E359100E71C89 /* LaunchScreen.xib */,
				FE988C011B5E359100E71C89 /* Supporting Files */,
			);
			path = CategoryCollection;
			sourceTree = "<group>";
		};
		FE988C011B5E359100E71C89 /* Supporting Files */ = {
			isa = PBXGroup;
			children = (
				FE988C021B5E359100E71C89 /* Info.plist */,
				FE988C031B5E359100E71C89 /* main.m */,
			);
			name = "Supporting Files";
			sourceTree = "<group>";
		};
		FE988C1A1B5E359200E71C89 /* CategoryCollectionTests */ = {
			isa = PBXGroup;
			children = (
				FE988C1D1B5E359200E71C89 /* CategoryCollectionTests.m */,
				FE988C1B1B5E359200E71C89 /* Supporting Files */,
			);
			path = CategoryCollectionTests;
			sourceTree = "<group>";
		};
		FE988C1B1B5E359200E71C89 /* Supporting Files */ = {
			isa = PBXGroup;
			children = (
				FE988C1C1B5E359200E71C89 /* Info.plist */,
			);
			name = "Supporting Files";
			sourceTree = "<group>";
		};
		FEB912961B60E9080055619F /* NSObject */ = {
			isa = PBXGroup;
			children = (
				FE6D7B4A1B6727C700A79CC1 /* NSObject+Property.h */,
				FE6D7B4B1B6727C700A79CC1 /* NSObject+Property.m */,
				FE6D7B4D1B6727D300A79CC1 /* NSObject+Additions.h */,
				FE6D7B4E1B6727D300A79CC1 /* NSObject+Additions.m */,
				FE6D7B4F1B6727D300A79CC1 /* NSObject+AutoCoding.h */,
				FE6D7B501B6727D300A79CC1 /* NSObject+AutoCoding.m */,
				FE6D7B511B6727D300A79CC1 /* NSObject+JS.h */,
				FE6D7B521B6727D300A79CC1 /* NSObject+JS.m */,
			);
			path = NSObject;
			sourceTree = "<group>";
		};
		FEB912971B60E9100055619F /* NSString */ = {
			isa = PBXGroup;
			children = (
				FE6D7B431B67271400A79CC1 /* emojis.h */,
				FE6D7B441B67272700A79CC1 /* NSString+Emojize.h */,
				FE6D7B451B67272700A79CC1 /* NSString+Emojize.m */,
				FE6D7B461B67272700A79CC1 /* NSString+RemoveEmoji.h */,
				FE6D7B471B67272700A79CC1 /* NSString+RemoveEmoji.m */,
			);
			path = NSString;
			sourceTree = "<group>";
		};
		FEB912981B60E9150055619F /* UIKit */ = {
			isa = PBXGroup;
			children = (
				FEB912991B60E9150055619F /* Base */,
				FEB9129A1B60E9150055619F /* View */,
				FEB9129B1B60E9150055619F /* ViewController */,
			);
			path = UIKit;
			sourceTree = "<group>";
		};
		FEB912991B60E9150055619F /* Base */ = {
			isa = PBXGroup;
			children = (
				FE6D7AF41B670D0D00A79CC1 /* CALayer+Animation.h */,
				FE6D7AF51B670D0D00A79CC1 /* CALayer+Animation.m */,
				FE6D7B161B67149700A79CC1 /* UIColor+JS.h */,
				FE6D7B171B67149700A79CC1 /* UIColor+JS.m */,
			);
			path = Base;
			sourceTree = "<group>";
		};
		FEB9129A1B60E9150055619F /* View */ = {
			isa = PBXGroup;
			children = (
				FE6D7B0C1B67118500A79CC1 /* UIWebView */,
				FE6D7AF71B670DF800A79CC1 /* UIWindow+Hierarchy.h */,
				FE6D7AF81B670DF800A79CC1 /* UIWindow+Hierarchy.m */,
				FE6D7B6A1B672C8C00A79CC1 /* UIScrollView+JS.h */,
				FE6D7B6B1B672C8C00A79CC1 /* UIScrollView+JS.m */,
				FE6D7B6D1B672CA200A79CC1 /* UITextField+JS.h */,
				FE6D7B6E1B672CA200A79CC1 /* UITextField+JS.m */,
				FE6D7AFA1B670EEE00A79CC1 /* UIButton+Darg.h */,
				FE6D7AFB1B670EEE00A79CC1 /* UIButton+Darg.m */,
				FE6D7AFD1B670F4800A79CC1 /* UINavigationBar+Awesome.h */,
				FE6D7AFE1B670F4800A79CC1 /* UINavigationBar+Awesome.m */,
				FE6D7B001B670FBC00A79CC1 /* UIBarButtonItem+Block.h */,
				FE6D7B011B670FBC00A79CC1 /* UIBarButtonItem+Block.m */,
				FE6D7B221B67170500A79CC1 /* UINavigationItem+Lock.h */,
				FE6D7B231B67170500A79CC1 /* UINavigationItem+Lock.m */,
				FE6D7B031B67105000A79CC1 /* UITextView+PlaceHolder.h */,
				FE6D7B041B67105000A79CC1 /* UITextView+PlaceHolde.m */,
				FE6D7B061B6710C000A79CC1 /* UITextField+Block.h */,
				FE6D7B071B6710C000A79CC1 /* UITextField+Block.m */,
				FE6D7B091B67111800A79CC1 /* UISearchBar+Block.h */,
				FE6D7B0A1B67111800A79CC1 /* UISearchBar+Block.m */,
			);
			name = View;
			path = UIView;
			sourceTree = "<group>";
		};
		FEB9129B1B60E9150055619F /* ViewController */ = {
			isa = PBXGroup;
			children = (
				FEB9129F1B60EA450055619F /* UINavigationController+Transitions.h */,
				FEB912A01B60EA450055619F /* UINavigationController+Transitions.m */,
				FE6D7AE11B66250F00A79CC1 /* UINavigationController+StackControl.h */,
				FE6D7AE21B66250F00A79CC1 /* UINavigationController+StackControl.m */,
				FE6D7AE41B66352600A79CC1 /* UISplitViewController+QuickAccess.h */,
				FE6D7AE51B66352600A79CC1 /* UISplitViewController+QuickAccess.m */,
				FE6D7AEF1B670B6600A79CC1 /* UIViewController+Tool.h */,
				FE6D7AF01B670B6600A79CC1 /* UIViewController+Tool.m */,
			);
			name = ViewController;
			path = UIViewController;
			sourceTree = "<group>";
		};
		FEB9129C1B60E91B0055619F /* Foundation */ = {
			isa = PBXGroup;
			children = (
				FEB9129D1B60E91B0055619F /* Base */,
				FEB9129E1B60E91B0055619F /* Collection */,
			);
			path = Foundation;
			sourceTree = "<group>";
		};
		FEB9129D1B60E91B0055619F /* Base */ = {
			isa = PBXGroup;
			children = (
				FE6D7B251B671ADE00A79CC1 /* NSBundle+AppIcon.h */,
				FE6D7B261B671ADE00A79CC1 /* NSBundle+AppIcon.m */,
				FE6D7B281B671AEF00A79CC1 /* NSTimer+JS.h */,
				FE6D7B291B671AEF00A79CC1 /* NSTimer+JS.m */,
				FE6D7B2B1B671D6900A79CC1 /* NSData+Encryption.h */,
				FE6D7B2C1B671D6900A79CC1 /* NSData+Encryption.m */,
				FE6D7B2E1B671E2A00A79CC1 /* NSData+GZip.h */,
				FE6D7B2F1B671E2A00A79CC1 /* NSData+GZip.m */,
				FE6D7B311B671EB900A79CC1 /* NSData+Cache.h */,
				FE6D7B321B671EB900A79CC1 /* NSData+Cache.m */,
				FE6D7B341B67204100A79CC1 /* NSException+Debug.h */,
				FE6D7B351B67204100A79CC1 /* NSException+Debug.m */,
				FE6D7B371B67209800A79CC1 /* NSURL+Parameter.h */,
				FE6D7B381B67209800A79CC1 /* NSURL+Parameter.m */,
				FE6D7B3D1B6722C200A79CC1 /* NSIndexPath+Offset.h */,
				FE6D7B3E1B6722C200A79CC1 /* NSIndexPath+Offset.m */,
				FE6D7B401B6723CB00A79CC1 /* NSNumber+JS.h */,
				FE6D7B411B6723CB00A79CC1 /* NSNumber+JS.m */,
				FE6D7B701B672CCD00A79CC1 /* UIFont+JS.h */,
				FE6D7B711B672CCD00A79CC1 /* UIFont+JS.m */,
				FE6D7B731B672CE300A79CC1 /* UIControl+JS.h */,
				FE6D7B741B672CE300A79CC1 /* UIControl+JS.m */,
				FE6D7B761B672CFB00A79CC1 /* UIApplication+JS.h */,
				FE6D7B771B672CFB00A79CC1 /* UIApplication+JS.m */,
				FE6D7B791B672D0A00A79CC1 /* UIScreen+JS.h */,
				FE6D7B7A1B672D0A00A79CC1 /* UIScreen+JS.m */,
				FE6D7B7C1B672D1C00A79CC1 /* UIResponder+JS.h */,
				FE6D7B7D1B672D1C00A79CC1 /* UIResponder+JS.m */,
				FE6D7B7F1B672D6800A79CC1 /* UIBezierPath+JS.h */,
				FE6D7B801B672D6800A79CC1 /* UIBezierPath+JS.m */,
			);
			path = Base;
			sourceTree = "<group>";
		};
		FEB9129E1B60E91B0055619F /* Collection */ = {
			isa = PBXGroup;
			children = (
				FE6D7B561B67297A00A79CC1 /* NSArray+JS.h */,
				FE6D7B571B67297A00A79CC1 /* NSArray+JS.m */,
				FE6D7B591B67298400A79CC1 /* NSMutableArray+JS.h */,
				FE6D7B5A1B67298400A79CC1 /* NSMutableArray+JS.m */,
				FE6D7B5C1B67299000A79CC1 /* NSDictionary+JS.h */,
				FE6D7B5D1B67299000A79CC1 /* NSDictionary+JS.m */,
				FE6D7B5F1B67299C00A79CC1 /* NSMutableDictionary+JS.h */,
				FE6D7B601B67299C00A79CC1 /* NSMutableDictionary+JS.m */,
				FE6D7B621B6729A900A79CC1 /* NSSet+JS.h */,
				FE6D7B631B6729A900A79CC1 /* NSSet+JS.m */,
			);
			path = Collection;
			sourceTree = "<group>";
		};
/* End PBXGroup section */

/* Begin PBXNativeTarget section */
		FE988BFD1B5E359100E71C89 /* CategoryCollection */ = {
			isa = PBXNativeTarget;
			buildConfigurationList = FE988C211B5E359200E71C89 /* Build configuration list for PBXNativeTarget "CategoryCollection" */;
			buildPhases = (
				FE988BFA1B5E359100E71C89 /* Sources */,
				FE988BFB1B5E359100E71C89 /* Frameworks */,
				FE988BFC1B5E359100E71C89 /* Resources */,
			);
			buildRules = (
			);
			dependencies = (
			);
			name = CategoryCollection;
			productName = CategoryCollection;
			productReference = FE988BFE1B5E359100E71C89 /* CategoryCollection.app */;
			productType = "com.apple.product-type.application";
		};
		FE988C161B5E359200E71C89 /* CategoryCollectionTests */ = {
			isa = PBXNativeTarget;
			buildConfigurationList = FE988C241B5E359200E71C89 /* Build configuration list for PBXNativeTarget "CategoryCollectionTests" */;
			buildPhases = (
				FE988C131B5E359200E71C89 /* Sources */,
				FE988C141B5E359200E71C89 /* Frameworks */,
				FE988C151B5E359200E71C89 /* Resources */,
			);
			buildRules = (
			);
			dependencies = (
				FE988C191B5E359200E71C89 /* PBXTargetDependency */,
			);
			name = CategoryCollectionTests;
			productName = CategoryCollectionTests;
			productReference = FE988C171B5E359200E71C89 /* CategoryCollectionTests.xctest */;
			productType = "com.apple.product-type.bundle.unit-test";
		};
/* End PBXNativeTarget section */

/* Begin PBXProject section */
		FE988BF61B5E359100E71C89 /* Project object */ = {
			isa = PBXProject;
			attributes = {
				LastUpgradeCheck = 0640;
				ORGANIZATIONNAME = JungleSong;
				TargetAttributes = {
					FE988BFD1B5E359100E71C89 = {
						CreatedOnToolsVersion = 6.4;
					};
					FE988C161B5E359200E71C89 = {
						CreatedOnToolsVersion = 6.4;
						TestTargetID = FE988BFD1B5E359100E71C89;
					};
				};
			};
			buildConfigurationList = FE988BF91B5E359100E71C89 /* Build configuration list for PBXProject "CategoryCollection" */;
			compatibilityVersion = "Xcode 3.2";
			developmentRegion = English;
			hasScannedForEncodings = 0;
			knownRegions = (
				en,
				Base,
			);
			mainGroup = FE988BF51B5E359100E71C89;
			productRefGroup = FE988BFF1B5E359100E71C89 /* Products */;
			projectDirPath = "";
			projectRoot = "";
			targets = (
				FE988BFD1B5E359100E71C89 /* CategoryCollection */,
				FE988C161B5E359200E71C89 /* CategoryCollectionTests */,
			);
		};
/* End PBXProject section */

/* Begin PBXResourcesBuildPhase section */
		FE988BFC1B5E359100E71C89 /* Resources */ = {
			isa = PBXResourcesBuildPhase;
			buildActionMask = 2147483647;
			files = (
				FE988C0D1B5E359100E71C89 /* Main.storyboard in Resources */,
				FE988C121B5E359100E71C89 /* LaunchScreen.xib in Resources */,
				FE988C0F1B5E359100E71C89 /* Images.xcassets in Resources */,
			);
			runOnlyForDeploymentPostprocessing = 0;
		};
		FE988C151B5E359200E71C89 /* Resources */ = {
			isa = PBXResourcesBuildPhase;
			buildActionMask = 2147483647;
			files = (
			);
			runOnlyForDeploymentPostprocessing = 0;
		};
/* End PBXResourcesBuildPhase section */

/* Begin PBXSourcesBuildPhase section */
		FE988BFA1B5E359100E71C89 /* Sources */ = {
			isa = PBXSourcesBuildPhase;
			buildActionMask = 2147483647;
			files = (
				FE6D7B481B67272700A79CC1 /* NSString+Emojize.m in Sources */,
				FE6D7B361B67204100A79CC1 /* NSException+Debug.m in Sources */,
				FE6D7B2D1B671D6900A79CC1 /* NSData+Encryption.m in Sources */,
				FE6D7AF61B670D0D00A79CC1 /* CALayer+Animation.m in Sources */,
				FE6D7B551B6727D300A79CC1 /* NSObject+JS.m in Sources */,
				FE988C0A1B5E359100E71C89 /* ViewController.m in Sources */,
				FE6D7B331B671EB900A79CC1 /* NSData+Cache.m in Sources */,
				FE6D7B581B67297A00A79CC1 /* NSArray+JS.m in Sources */,
				FE6D7B6C1B672C8C00A79CC1 /* UIScrollView+JS.m in Sources */,
				FE6D7AE31B66250F00A79CC1 /* UINavigationController+StackControl.m in Sources */,
				FE6D7B151B6713BC00A79CC1 /* UIWebView+Modify.m in Sources */,
				FE6D7AE61B66352600A79CC1 /* UISplitViewController+QuickAccess.m in Sources */,
				FE6D7B391B67209800A79CC1 /* NSURL+Parameter.m in Sources */,
				FE6D7B5B1B67298400A79CC1 /* NSMutableArray+JS.m in Sources */,
				FE6D7B211B6715C400A79CC1 /* UIWebView+Load.m in Sources */,
				FE988C071B5E359100E71C89 /* AppDelegate.m in Sources */,
				FE6D7B2A1B671AEF00A79CC1 /* NSTimer+JS.m in Sources */,
				FE6D7B121B6712F400A79CC1 /* UIWebView+Style.m in Sources */,
				FE6D7B051B67105000A79CC1 /* UITextView+PlaceHolde.m in Sources */,
				FE6D7B081B6710C000A79CC1 /* UITextField+Block.m in Sources */,
				FE6D7B4C1B6727C700A79CC1 /* NSObject+Property.m in Sources */,
				FE6D7B531B6727D300A79CC1 /* NSObject+Additions.m in Sources */,
				FE6D7B541B6727D300A79CC1 /* NSObject+AutoCoding.m in Sources */,
				FE6D7B721B672CCD00A79CC1 /* UIFont+JS.m in Sources */,
				FE6D7AFC1B670EEF00A79CC1 /* UIButton+Darg.m in Sources */,
				FE6D7B781B672CFB00A79CC1 /* UIApplication+JS.m in Sources */,
				FEB912A11B60EA450055619F /* UINavigationController+Transitions.m in Sources */,
				FE6D7B0F1B6711E100A79CC1 /* UIWebView+JavasScript.m in Sources */,
				FE6D7B7B1B672D0A00A79CC1 /* UIScreen+JS.m in Sources */,
				FE6D7B811B672D6800A79CC1 /* UIBezierPath+JS.m in Sources */,
				FE988C041B5E359100E71C89 /* main.m in Sources */,
				FE6D7B181B67149700A79CC1 /* UIColor+JS.m in Sources */,
				FE6D7AF11B670B6600A79CC1 /* UIViewController+Tool.m in Sources */,
				FE6D7B751B672CE300A79CC1 /* UIControl+JS.m in Sources */,
				FE6D7B6F1B672CA200A79CC1 /* UITextField+JS.m in Sources */,
				FE6D7B611B67299C00A79CC1 /* NSMutableDictionary+JS.m in Sources */,
				FE6D7B7E1B672D1C00A79CC1 /* UIResponder+JS.m in Sources */,
				FE6D7B491B67272700A79CC1 /* NSString+RemoveEmoji.m in Sources */,
				FE6D7B0B1B67111800A79CC1 /* UISearchBar+Block.m in Sources */,
				FE6D7B5E1B67299000A79CC1 /* NSDictionary+JS.m in Sources */,
				FE6D7B301B671E2A00A79CC1 /* NSData+GZip.m in Sources */,
				FE6D7B3F1B6722C200A79CC1 /* NSIndexPath+Offset.m in Sources */,
				FE6D7B421B6723CB00A79CC1 /* NSNumber+JS.m in Sources */,
				FE6D7B021B670FBC00A79CC1 /* UIBarButtonItem+Block.m in Sources */,
				FE6D7B241B67170500A79CC1 /* UINavigationItem+Lock.m in Sources */,
				FE6D7AFF1B670F4800A79CC1 /* UINavigationBar+Awesome.m in Sources */,
				FE6D7B641B6729A900A79CC1 /* NSSet+JS.m in Sources */,
				FE6D7AF91B670DF800A79CC1 /* UIWindow+Hierarchy.m in Sources */,
				FE6D7B271B671ADE00A79CC1 /* NSBundle+AppIcon.m in Sources */,
			);
			runOnlyForDeploymentPostprocessing = 0;
		};
		FE988C131B5E359200E71C89 /* Sources */ = {
			isa = PBXSourcesBuildPhase;
			buildActionMask = 2147483647;
			files = (
				FE988C1E1B5E359200E71C89 /* CategoryCollectionTests.m in Sources */,
			);
			runOnlyForDeploymentPostprocessing = 0;
		};
/* End PBXSourcesBuildPhase section */

/* Begin PBXTargetDependency section */
		FE988C191B5E359200E71C89 /* PBXTargetDependency */ = {
			isa = PBXTargetDependency;
			target = FE988BFD1B5E359100E71C89 /* CategoryCollection */;
			targetProxy = FE988C181B5E359200E71C89 /* PBXContainerItemProxy */;
		};
/* End PBXTargetDependency section */

/* Begin PBXVariantGroup section */
		FE988C0B1B5E359100E71C89 /* Main.storyboard */ = {
			isa = PBXVariantGroup;
			children = (
				FE988C0C1B5E359100E71C89 /* Base */,
			);
			name = Main.storyboard;
			sourceTree = "<group>";
		};
		FE988C101B5E359100E71C89 /* LaunchScreen.xib */ = {
			isa = PBXVariantGroup;
			children = (
				FE988C111B5E359100E71C89 /* Base */,
			);
			name = LaunchScreen.xib;
			sourceTree = "<group>";
		};
/* End PBXVariantGroup section */

/* Begin XCBuildConfiguration section */
		FE988C1F1B5E359200E71C89 /* Debug */ = {
			isa = XCBuildConfiguration;
			buildSettings = {
				ALWAYS_SEARCH_USER_PATHS = NO;
				CLANG_CXX_LANGUAGE_STANDARD = "gnu++0x";
				CLANG_CXX_LIBRARY = "libc++";
				CLANG_ENABLE_MODULES = YES;
				CLANG_ENABLE_OBJC_ARC = YES;
				CLANG_WARN_BOOL_CONVERSION = YES;
				CLANG_WARN_CONSTANT_CONVERSION = YES;
				CLANG_WARN_DIRECT_OBJC_ISA_USAGE = YES_ERROR;
				CLANG_WARN_EMPTY_BODY = YES;
				CLANG_WARN_ENUM_CONVERSION = YES;
				CLANG_WARN_INT_CONVERSION = YES;
				CLANG_WARN_OBJC_ROOT_CLASS = YES_ERROR;
				CLANG_WARN_UNREACHABLE_CODE = YES;
				CLANG_WARN__DUPLICATE_METHOD_MATCH = YES;
				"CODE_SIGN_IDENTITY[sdk=iphoneos*]" = "iPhone Developer";
				COPY_PHASE_STRIP = NO;
				DEBUG_INFORMATION_FORMAT = "dwarf-with-dsym";
				ENABLE_STRICT_OBJC_MSGSEND = YES;
				GCC_C_LANGUAGE_STANDARD = gnu99;
				GCC_DYNAMIC_NO_PIC = NO;
				GCC_NO_COMMON_BLOCKS = YES;
				GCC_OPTIMIZATION_LEVEL = 0;
				GCC_PREPROCESSOR_DEFINITIONS = (
					"DEBUG=1",
					"$(inherited)",
				);
				GCC_SYMBOLS_PRIVATE_EXTERN = NO;
				GCC_WARN_64_TO_32_BIT_CONVERSION = YES;
				GCC_WARN_ABOUT_RETURN_TYPE = YES_ERROR;
				GCC_WARN_UNDECLARED_SELECTOR = YES;
				GCC_WARN_UNINITIALIZED_AUTOS = YES_AGGRESSIVE;
				GCC_WARN_UNUSED_FUNCTION = YES;
				GCC_WARN_UNUSED_VARIABLE = YES;
				IPHONEOS_DEPLOYMENT_TARGET = 8.4;
				MTL_ENABLE_DEBUG_INFO = YES;
				ONLY_ACTIVE_ARCH = YES;
				SDKROOT = iphoneos;
				TARGETED_DEVICE_FAMILY = "1,2";
			};
			name = Debug;
		};
		FE988C201B5E359200E71C89 /* Release */ = {
			isa = XCBuildConfiguration;
			buildSettings = {
				ALWAYS_SEARCH_USER_PATHS = NO;
				CLANG_CXX_LANGUAGE_STANDARD = "gnu++0x";
				CLANG_CXX_LIBRARY = "libc++";
				CLANG_ENABLE_MODULES = YES;
				CLANG_ENABLE_OBJC_ARC = YES;
				CLANG_WARN_BOOL_CONVERSION = YES;
				CLANG_WARN_CONSTANT_CONVERSION = YES;
				CLANG_WARN_DIRECT_OBJC_ISA_USAGE = YES_ERROR;
				CLANG_WARN_EMPTY_BODY = YES;
				CLANG_WARN_ENUM_CONVERSION = YES;
				CLANG_WARN_INT_CONVERSION = YES;
				CLANG_WARN_OBJC_ROOT_CLASS = YES_ERROR;
				CLANG_WARN_UNREACHABLE_CODE = YES;
				CLANG_WARN__DUPLICATE_METHOD_MATCH = YES;
				"CODE_SIGN_IDENTITY[sdk=iphoneos*]" = "iPhone Developer";
				COPY_PHASE_STRIP = NO;
				DEBUG_INFORMATION_FORMAT = "dwarf-with-dsym";
				ENABLE_NS_ASSERTIONS = NO;
				ENABLE_STRICT_OBJC_MSGSEND = YES;
				GCC_C_LANGUAGE_STANDARD = gnu99;
				GCC_NO_COMMON_BLOCKS = YES;
				GCC_WARN_64_TO_32_BIT_CONVERSION = YES;
				GCC_WARN_ABOUT_RETURN_TYPE = YES_ERROR;
				GCC_WARN_UNDECLARED_SELECTOR = YES;
				GCC_WARN_UNINITIALIZED_AUTOS = YES_AGGRESSIVE;
				GCC_WARN_UNUSED_FUNCTION = YES;
				GCC_WARN_UNUSED_VARIABLE = YES;
				IPHONEOS_DEPLOYMENT_TARGET = 8.4;
				MTL_ENABLE_DEBUG_INFO = NO;
				SDKROOT = iphoneos;
				TARGETED_DEVICE_FAMILY = "1,2";
				VALIDATE_PRODUCT = YES;
			};
			name = Release;
		};
		FE988C221B5E359200E71C89 /* Debug */ = {
			isa = XCBuildConfiguration;
			buildSettings = {
				ASSETCATALOG_COMPILER_APPICON_NAME = AppIcon;
				INFOPLIST_FILE = CategoryCollection/Info.plist;
				LD_RUNPATH_SEARCH_PATHS = "$(inherited) @executable_path/Frameworks";
				PRODUCT_NAME = "$(TARGET_NAME)";
			};
			name = Debug;
		};
		FE988C231B5E359200E71C89 /* Release */ = {
			isa = XCBuildConfiguration;
			buildSettings = {
				ASSETCATALOG_COMPILER_APPICON_NAME = AppIcon;
				INFOPLIST_FILE = CategoryCollection/Info.plist;
				LD_RUNPATH_SEARCH_PATHS = "$(inherited) @executable_path/Frameworks";
				PRODUCT_NAME = "$(TARGET_NAME)";
			};
			name = Release;
		};
		FE988C251B5E359200E71C89 /* Debug */ = {
			isa = XCBuildConfiguration;
			buildSettings = {
				BUNDLE_LOADER = "$(TEST_HOST)";
				FRAMEWORK_SEARCH_PATHS = (
					"$(SDKROOT)/Developer/Library/Frameworks",
					"$(inherited)",
				);
				GCC_PREPROCESSOR_DEFINITIONS = (
					"DEBUG=1",
					"$(inherited)",
				);
				INFOPLIST_FILE = CategoryCollectionTests/Info.plist;
				LD_RUNPATH_SEARCH_PATHS = "$(inherited) @executable_path/Frameworks @loader_path/Frameworks";
				PRODUCT_NAME = "$(TARGET_NAME)";
				TEST_HOST = "$(BUILT_PRODUCTS_DIR)/CategoryCollection.app/CategoryCollection";
			};
			name = Debug;
		};
		FE988C261B5E359200E71C89 /* Release */ = {
			isa = XCBuildConfiguration;
			buildSettings = {
				BUNDLE_LOADER = "$(TEST_HOST)";
				FRAMEWORK_SEARCH_PATHS = (
					"$(SDKROOT)/Developer/Library/Frameworks",
					"$(inherited)",
				);
				INFOPLIST_FILE = CategoryCollectionTests/Info.plist;
				LD_RUNPATH_SEARCH_PATHS = "$(inherited) @executable_path/Frameworks @loader_path/Frameworks";
				PRODUCT_NAME = "$(TARGET_NAME)";
				TEST_HOST = "$(BUILT_PRODUCTS_DIR)/CategoryCollection.app/CategoryCollection";
			};
			name = Release;
		};
/* End XCBuildConfiguration section */

/* Begin XCConfigurationList section */
		FE988BF91B5E359100E71C89 /* Build configuration list for PBXProject "CategoryCollection" */ = {
			isa = XCConfigurationList;
			buildConfigurations = (
				FE988C1F1B5E359200E71C89 /* Debug */,
				FE988C201B5E359200E71C89 /* Release */,
			);
			defaultConfigurationIsVisible = 0;
			defaultConfigurationName = Release;
		};
		FE988C211B5E359200E71C89 /* Build configuration list for PBXNativeTarget "CategoryCollection" */ = {
			isa = XCConfigurationList;
			buildConfigurations = (
				FE988C221B5E359200E71C89 /* Debug */,
				FE988C231B5E359200E71C89 /* Release */,
			);
			defaultConfigurationIsVisible = 0;
			defaultConfigurationName = Release;
		};
		FE988C241B5E359200E71C89 /* Build configuration list for PBXNativeTarget "CategoryCollectionTests" */ = {
			isa = XCConfigurationList;
			buildConfigurations = (
				FE988C251B5E359200E71C89 /* Debug */,
				FE988C261B5E359200E71C89 /* Release */,
			);
			defaultConfigurationIsVisible = 0;
			defaultConfigurationName = Release;
		};
/* End XCConfigurationList section */
	};
	rootObject = FE988BF61B5E359100E71C89 /* Project object */;
}
